<?xml version="1.0" encoding="utf-8"?>
<Project ToolsVersion="4.0" xmlns="http://schemas.microsoft.com/developer/msbuild/2003">
  <ItemGroup>
    <Filter Include="Source Files">
      <UniqueIdentifier>{4FC737F1-C7A5-4376-A066-2A32D752A2FF}</UniqueIdentifier>
      <Extensions>cpp;c;cc;cxx;def;odl;idl;hpj;bat;asm;asmx</Extensions>
    </Filter>
    <Filter Include="Header Files">
      <UniqueIdentifier>{93995380-89BD-4b04-88EB-625FBE52EBFB}</UniqueIdentifier>
      <Extensions>h;hh;hpp;hxx;hm;inl;inc;xsd</Extensions>
    </Filter>
    <Filter Include="Resource Files">
      <UniqueIdentifier>{67DA6AB6-F800-4c08-8B7A-83BB121AAD01}</UniqueIdentifier>
      <Extensions>rc;ico;cur;bmp;dlg;rc2;rct;bin;rgs;gif;jpg;jpeg;jpe;resx;tiff;tif;png;wav;mfcribbon-ms</Extensions>
    </Filter>
  </ItemGroup>
  <ItemGroup>
    <ClInclude Include="include\data\BclFile.hh">
      <Filter>Header Files</Filter>
    </ClInclude>
    <ClInclude Include="include\data\ControlFile.hh">
      <Filter>Header Files</Filter>
    </ClInclude>
    <ClInclude Include="include\data\CycleBCIFile.hh">
      <Filter>Header Files</Filter>
    </ClInclude>
    <ClInclude Include="include\data\FastqFile.hh">
      <Filter>Header Files</Filter>
    </ClInclude>
    <ClInclude Include="include\data\FileReader.hh">
      <Filter>Header Files</Filter>
    </ClInclude>
    <ClInclude Include="include\data\FileReader.hpp">
      <Filter>Header Files</Filter>
    </ClInclude>
    <ClInclude Include="include\data\FilterFile.hh">
      <Filter>Header Files</Filter>
    </ClInclude>
    <ClInclude Include="include\data\InteropFile.hh">
      <Filter>Header Files</Filter>
    </ClInclude>
    <ClInclude Include="include\data\PositionsFile.hh">
      <Filter>Header Files</Filter>
    </ClInclude>
    <ClInclude Include="include\io\Bgzf.hh">
      <Filter>Header Files</Filter>
    </ClInclude>
    <ClInclude Include="include\io\BgzfCompressor.hh">
      <Filter>Header Files</Filter>
    </ClInclude>
    <ClInclude Include="include\io\FileBufWithReopen.hh">
      <Filter>Header Files</Filter>
    </ClInclude>
    <ClInclude Include="include\io\FileBufWithReopen.hpp">
      <Filter>Header Files</Filter>
    </ClInclude>
    <ClInclude Include="include\io\GzipCompressor.hh">
      <Filter>Header Files</Filter>
    </ClInclude>
    <ClInclude Include="include\io\GzipDecompressor.hh">
      <Filter>Header Files</Filter>
    </ClInclude>
    <ClInclude Include="include\io\GzipDecompressor.hpp">
      <Filter>Header Files</Filter>
    </ClInclude>
    <ClInclude Include="include\io\GzipHeader.hh">
      <Filter>Header Files</Filter>
    </ClInclude>
    <ClInclude Include="include\io\Utility.hh">
      <Filter>Header Files</Filter>
    </ClInclude>
    <ClInclude Include="include\io\Xml.hh">
      <Filter>Header Files</Filter>
    </ClInclude>
    <ClInclude Include="include\io\Xml.hpp">
      <Filter>Header Files</Filter>
    </ClInclude>
    <ClInclude Include="include\layout\Barcode.hh">
      <Filter>Header Files</Filter>
    </ClInclude>
    <ClInclude Include="include\layout\Barcode.hpp">
      <Filter>Header Files</Filter>
    </ClInclude>
    <ClInclude Include="include\layout\BarcodeCollisionDetector.hh">
      <Filter>Header Files</Filter>
    </ClInclude>
    <ClInclude Include="include\layout\BarcodeTranslationTable.hh">
      <Filter>Header Files</Filter>
    </ClInclude>
    <ClInclude Include="include\layout\BCIndex.hh">
      <Filter>Header Files</Filter>
    </ClInclude>
    <ClInclude Include="include\layout\ConfigXml.hh">
      <Filter>Header Files</Filter>
    </ClInclude>
    <ClInclude Include="include\layout\CycleInfo.hh">
      <Filter>Header Files</Filter>
    </ClInclude>
    <ClInclude Include="include\layout\FileExistenceVerifier.hh">
      <Filter>Header Files</Filter>
    </ClInclude>
    <ClInclude Include="include\layout\FlowcellInfo.hh">
      <Filter>Header Files</Filter>
    </ClInclude>
    <ClInclude Include="include\layout\LaneInfo.hh">
      <Filter>Header Files</Filter>
    </ClInclude>
    <ClInclude Include="include\layout\Layout.hh">
      <Filter>Header Files</Filter>
    </ClInclude>
    <ClInclude Include="include\layout\ReadInfo.hh">
      <Filter>Header Files</Filter>
    </ClInclude>
    <ClInclude Include="include\layout\ReadMetadata.hh">
      <Filter>Header Files</Filter>
    </ClInclude>
    <ClInclude Include="include\layout\RunInfoXml.hh">
      <Filter>Header Files</Filter>
    </ClInclude>
    <ClInclude Include="include\layout\SampleInfo.hh">
      <Filter>Header Files</Filter>
    </ClInclude>
    <ClInclude Include="include\layout\TileInfo.hh">
      <Filter>Header Files</Filter>
    </ClInclude>
    <ClInclude Include="include\layout\UseBasesMask.hh">
      <Filter>Header Files</Filter>
    </ClInclude>
    <ClInclude Include="include\stats\BarcodeHits.hh">
      <Filter>Header Files</Filter>
    </ClInclude>
    <ClInclude Include="include\stats\BarcodeStats.hh">
      <Filter>Header Files</Filter>
    </ClInclude>
    <ClInclude Include="include\stats\ConversionStatsXml.hh">
      <Filter>Header Files</Filter>
    </ClInclude>
    <ClInclude Include="include\stats\DemultiplexingStatsXml.hh">
      <Filter>Header Files</Filter>
    </ClInclude>
    <ClInclude Include="include\stats\DemuxReportGenerator.hh">
      <Filter>Header Files</Filter>
    </ClInclude>
    <ClInclude Include="include\stats\TileStats.hpp">
      <Filter>Header Files</Filter>
    </ClInclude>
    <ClInclude Include="include\common\CsvGrammar.hh">
      <Filter>Header Files</Filter>
    </ClInclude>
    <ClInclude Include="include\common\CsvGrammar.hpp">
      <Filter>Header Files</Filter>
    </ClInclude>
    <ClInclude Include="include\common\Debug.hh">
      <Filter>Header Files</Filter>
    </ClInclude>
    <ClInclude Include="include\common\DirectoryValidator.hh">
      <Filter>Header Files</Filter>
    </ClInclude>
    <ClInclude Include="include\common\Endianness.hh">
      <Filter>Header Files</Filter>
    </ClInclude>
    <ClInclude Include="include\common\Exceptions.hh">
      <Filter>Header Files</Filter>
    </ClInclude>
    <ClInclude Include="include\common\FastIo.hh">
      <Filter>Header Files</Filter>
    </ClInclude>
    <ClInclude Include="include\common\FastIo.hpp">
      <Filter>Header Files</Filter>
    </ClInclude>
    <ClInclude Include="include\common\FileSystem.hh">
      <Filter>Header Files</Filter>
    </ClInclude>
    <ClInclude Include="include\common\InstallationPath.hh">
      <Filter>Header Files</Filter>
    </ClInclude>
    <ClInclude Include="include\common\Logger.hh">
      <Filter>Header Files</Filter>
    </ClInclude>
    <ClInclude Include="include\common\Options.hh">
      <Filter>Header Files</Filter>
    </ClInclude>
    <ClInclude Include="include\common\Program.hh">
      <Filter>Header Files</Filter>
    </ClInclude>
    <ClInclude Include="include\common\Program.hpp">
      <Filter>Header Files</Filter>
    </ClInclude>
    <ClInclude Include="include\common\ProgramInfo.hh">
      <Filter>Header Files</Filter>
    </ClInclude>
    <ClInclude Include="include\common\SampleMetadata.hh">
      <Filter>Header Files</Filter>
    </ClInclude>
    <ClInclude Include="include\common\StaticMemPool.hh">
      <Filter>Header Files</Filter>
    </ClInclude>
    <ClInclude Include="include\common\StaticMemPool.hpp">
      <Filter>Header Files</Filter>
    </ClInclude>
    <ClInclude Include="include\common\SystemCompatibility.hh">
      <Filter>Header Files</Filter>
    </ClInclude>
    <ClInclude Include="include\common\SystemCompatibility.hpp">
      <Filter>Header Files</Filter>
    </ClInclude>
    <ClInclude Include="include\common\Threads.hh">
      <Filter>Header Files</Filter>
    </ClInclude>
    <ClInclude Include="include\common\Threads.hpp">
      <Filter>Header Files</Filter>
    </ClInclude>
    <ClInclude Include="include\common\Types.hh">
      <Filter>Header Files</Filter>
    </ClInclude>
    <ClInclude Include="include\config\Bcl2FastqOptions.hh">
      <Filter>Header Files</Filter>
    </ClInclude>
    <ClInclude Include="include\config\SampleSheetCsv.hh">
      <Filter>Header Files</Filter>
    </ClInclude>
    <ClInclude Include="include\conversion\AdapterLocator.hh">
      <Filter>Header Files</Filter>
    </ClInclude>
    <ClInclude Include="include\conversion\BclBaseConversion.hh">
      <Filter>Header Files</Filter>
    </ClInclude>
    <ClInclude Include="include\conversion\BclLoader.hh">
      <Filter>Header Files</Filter>
    </ClInclude>
    <ClInclude Include="include\conversion\Converter.hh">
      <Filter>Header Files</Filter>
    </ClInclude>
    <ClInclude Include="include\conversion\Demultiplexer.hh">
      <Filter>Header Files</Filter>
    </ClInclude>
    <ClInclude Include="include\conversion\FastqBuffer.hh">
      <Filter>Header Files</Filter>
    </ClInclude>
    <ClInclude Include="include\conversion\FastqCreator.hh">
      <Filter>Header Files</Filter>
    </ClInclude>
    <ClInclude Include="include\conversion\FastqIterator.hh">
      <Filter>Header Files</Filter>
    </ClInclude>
    <ClInclude Include="include\conversion\FastqIterator.hpp">
      <Filter>Header Files</Filter>
    </ClInclude>
    <ClInclude Include="include\conversion\FastqWriter.hh">
      <Filter>Header Files</Filter>
    </ClInclude>
    <ClInclude Include="include\conversion\SampleIndex.hh">
      <Filter>Header Files</Filter>
    </ClInclude>
    <ClInclude Include="include\conversion\Stage.hh">
      <Filter>Header Files</Filter>
    </ClInclude>
    <ClInclude Include="include\conversion\Stage.hpp">
      <Filter>Header Files</Filter>
    </ClInclude>
    <ClInclude Include="include\conversion\Task.hh">
      <Filter>Header Files</Filter>
    </ClInclude>
    <ClInclude Include="include\conversion\TaskQueue.hh">
      <Filter>Header Files</Filter>
    </ClInclude>
    <ClInclude Include="include\stats\Json.hh">
      <Filter>Header Files</Filter>
    </ClInclude>
    <ClInclude Include="include\conversion\TaskQueue.hpp">
      <Filter>Header Files</Filter>
    </ClInclude>
    <ClInclude Include="include\conversion\ThreadPool.hh">
      <Filter>Header Files</Filter>
    </ClInclude>
    <ClInclude Include="include\conversion\ThreadSafeQueue.hh">
      <Filter>Header Files</Filter>
    </ClInclude>
    <ClInclude Include="include\conversion\ThreadSafeQueue.hpp">
      <Filter>Header Files</Filter>
    </ClInclude>
    <ClInclude Include="include\conversion\BclReader.hh">
      <Filter>Header Files</Filter>
    </ClInclude>
    <ClInclude Include="include\data\BclBuffer.hh">
      <Filter>Header Files</Filter>
    </ClInclude>
    <ClInclude Include="include\data\BclFileReader.hh">
      <Filter>Header Files</Filter>
    </ClInclude>
    <ClInclude Include="include\data\RawBclBuffer.hh">
      <Filter>Header Files</Filter>
    </ClInclude>
    <ClInclude Include="include\data\AggregatedBclFileReader.hh">
      <Filter>Header Files</Filter>
    </ClInclude>
    <ClInclude Include="include\data\TileBclFileReader.hh">
      <Filter>Header Files</Filter>
    </ClInclude>
    <ClInclude Include="include\conversion\AdapterLocator.hpp">
      <Filter>Header Files</Filter>
    </ClInclude>
    <ClInclude Include="include\conversion\Demultiplexer.hpp">
      <Filter>Header Files</Filter>
    </ClInclude>
    <ClInclude Include="include\conversion\FastqCreator.hpp">
      <Filter>Header Files</Filter>
    </ClInclude>
  </ItemGroup>
  <ItemGroup>
    <ClCompile Include="lib\common\CsvGrammar.cpp">
      <Filter>Source Files</Filter>
    </ClCompile>
    <ClCompile Include="lib\common\DirectoryValidator.cpp">
      <Filter>Source Files</Filter>
    </ClCompile>
    <ClCompile Include="lib\common\Exceptions.cpp">
      <Filter>Source Files</Filter>
    </ClCompile>
    <ClCompile Include="lib\common\FileSystem.cpp">
      <Filter>Source Files</Filter>
    </ClCompile>
    <ClCompile Include="lib\common\InstallationPath.cpp">
      <Filter>Source Files</Filter>
    </ClCompile>
    <ClCompile Include="lib\common\Logger.cpp">
      <Filter>Source Files</Filter>
    </ClCompile>
    <ClCompile Include="lib\common\Options.cpp">
      <Filter>Source Files</Filter>
    </ClCompile>
    <ClCompile Include="lib\common\ProgramInfo.cpp">
      <Filter>Source Files</Filter>
    </ClCompile>
    <ClCompile Include="lib\common\SystemCompatibility.cpp">
      <Filter>Source Files</Filter>
    </ClCompile>
    <ClCompile Include="lib\config\Bcl2FastqOptions.cpp">
      <Filter>Source Files</Filter>
    </ClCompile>
    <ClCompile Include="lib\config\SampleSheetCsv.cpp">
      <Filter>Source Files</Filter>
    </ClCompile>
    <ClCompile Include="lib\conversion\BclLoader.cpp">
      <Filter>Source Files</Filter>
    </ClCompile>
    <ClCompile Include="lib\conversion\Converter.cpp">
      <Filter>Source Files</Filter>
    </ClCompile>
    <ClCompile Include="lib\conversion\Demultiplexer.cpp">
      <Filter>Source Files</Filter>
    </ClCompile>
    <ClCompile Include="lib\conversion\FastqBuffer.cpp">
      <Filter>Source Files</Filter>
    </ClCompile>
    <ClCompile Include="lib\conversion\FastqCreator.cpp">
      <Filter>Source Files</Filter>
    </ClCompile>
    <ClCompile Include="lib\conversion\FastqWriter.cpp">
      <Filter>Source Files</Filter>
    </ClCompile>
    <ClCompile Include="lib\conversion\SampleIndex.cpp">
      <Filter>Source Files</Filter>
    </ClCompile>
    <ClCompile Include="lib\conversion\Stage.cpp">
      <Filter>Source Files</Filter>
    </ClCompile>
    <ClCompile Include="lib\conversion\Task.cpp">
      <Filter>Source Files</Filter>
    </ClCompile>
    <ClCompile Include="lib\data\BclFile.cpp">
      <Filter>Source Files</Filter>
    </ClCompile>
    <ClCompile Include="lib\data\ControlFile.cpp">
      <Filter>Source Files</Filter>
    </ClCompile>
    <ClCompile Include="lib\data\CycleBCIFile.cpp">
      <Filter>Source Files</Filter>
    </ClCompile>
    <ClCompile Include="lib\data\FastqFile.cpp">
      <Filter>Source Files</Filter>
    </ClCompile>
    <ClCompile Include="lib\data\FileReader.cpp">
      <Filter>Source Files</Filter>
    </ClCompile>
    <ClCompile Include="lib\data\FilterFile.cpp">
      <Filter>Source Files</Filter>
    </ClCompile>
    <ClCompile Include="lib\data\InteropFile.cpp">
      <Filter>Source Files</Filter>
    </ClCompile>
    <ClCompile Include="lib\data\PositionsFile.cpp">
      <Filter>Source Files</Filter>
    </ClCompile>
    <ClCompile Include="lib\io\GzipCompressor.cpp">
      <Filter>Source Files</Filter>
    </ClCompile>
    <ClCompile Include="lib\io\GzipDecompressor.cpp">
      <Filter>Source Files</Filter>
    </ClCompile>
    <ClCompile Include="lib\io\Utility.cpp">
      <Filter>Source Files</Filter>
    </ClCompile>
    <ClCompile Include="lib\io\Xml.cpp">
      <Filter>Source Files</Filter>
    </ClCompile>
    <ClCompile Include="lib\layout\Barcode.cpp">
      <Filter>Source Files</Filter>
    </ClCompile>
    <ClCompile Include="lib\layout\BarcodeCollisionDetector.cpp">
      <Filter>Source Files</Filter>
    </ClCompile>
    <ClCompile Include="lib\layout\BarcodeTranslationTable.cpp">
      <Filter>Source Files</Filter>
    </ClCompile>
    <ClCompile Include="lib\layout\BCIndex.cpp">
      <Filter>Source Files</Filter>
    </ClCompile>
    <ClCompile Include="lib\layout\ConfigXml.cpp">
      <Filter>Source Files</Filter>
    </ClCompile>
    <ClCompile Include="lib\layout\CycleInfo.cpp">
      <Filter>Source Files</Filter>
    </ClCompile>
    <ClCompile Include="lib\layout\FileExistenceVerifier.cpp">
      <Filter>Source Files</Filter>
    </ClCompile>
    <ClCompile Include="lib\layout\FlowcellInfo.cpp">
      <Filter>Source Files</Filter>
    </ClCompile>
    <ClCompile Include="lib\layout\LaneInfo.cpp">
      <Filter>Source Files</Filter>
    </ClCompile>
    <ClCompile Include="lib\layout\Layout.cpp">
      <Filter>Source Files</Filter>
    </ClCompile>
    <ClCompile Include="lib\layout\ReadInfo.cpp">
      <Filter>Source Files</Filter>
    </ClCompile>
    <ClCompile Include="lib\layout\RunInfoXml.cpp">
      <Filter>Source Files</Filter>
    </ClCompile>
    <ClCompile Include="lib\layout\SampleInfo.cpp">
      <Filter>Source Files</Filter>
    </ClCompile>
    <ClCompile Include="lib\layout\TileInfo.cpp">
      <Filter>Source Files</Filter>
    </ClCompile>
    <ClCompile Include="lib\layout\UseBasesMask.cpp">
      <Filter>Source Files</Filter>
    </ClCompile>
    <ClCompile Include="lib\stats\ConversionStatsXml.cpp">
      <Filter>Source Files</Filter>
    </ClCompile>
    <ClCompile Include="lib\stats\DemultiplexingStatsXml.cpp">
      <Filter>Source Files</Filter>
    </ClCompile>
    <ClCompile Include="lib\stats\DemuxReportGenerator.cpp">
      <Filter>Source Files</Filter>
    </ClCompile>
    <ClCompile Include="lib\stats\TileStats.cpp">
      <Filter>Source Files</Filter>
    </ClCompile>
    <ClCompile Include="bin\bcl2fastq.cpp">
      <Filter>Source Files</Filter>
    </ClCompile>
    <ClCompile Include="lib\stats\Json.cpp">
      <Filter>Source Files</Filter>
    </ClCompile>
    <ClCompile Include="lib\conversion\ThreadPool.cpp">
      <Filter>Source Files</Filter>
    </ClCompile>
    <ClCompile Include="lib\conversion\BclReader.cpp">
      <Filter>Source Files</Filter>
    </ClCompile>
    <ClCompile Include="lib\data\AggregatedBclFileReader.cpp">
      <Filter>Source Files</Filter>
    </ClCompile>
    <ClCompile Include="lib\data\TileBclFileReader.cpp">
      <Filter>Source Files</Filter>
    </ClCompile>
    <ClCompile Include="lib\data\CbclFile.cpp">
      <Filter>Source Files</Filter>
    </ClCompile>
    <ClCompile Include="lib\io\SyncFile.cpp">
      <Filter>Source Files</Filter>
    </ClCompile>
  </ItemGroup>
</Project>